
Microsoft Visual Studio Solution File, Format Version 12.00
# Visual Studio 2012
Project("{FAE04EC0-301F-11D3-BF4B-00C04F79EFBC}") = "Cuckoo.Spa", "Cuckoo.Spa\Cuckoo.Spa.csproj", "{524B42DD-2E34-4925-B1C7-DB57E846828E}"
EndProject
Global
	GlobalSection(SolutionConfigurationPlatforms) = preSolution
		Debug|Any CPU = Debug|Any CPU
		Release|Any CPU = Release|Any CPU
	EndGlobalSection
	GlobalSection(ProjectConfigurationPlatforms) = postSolution
		{524B42DD-2E34-4925-B1C7-DB57E846828E}.Debug|Any CPU.ActiveCfg = Debug|Any CPU
		{524B42DD-2E34-4925-B1C7-DB57E846828E}.Debug|Any CPU.Build.0 = Debug|Any CPU
		{524B42DD-2E34-4925-B1C7-DB57E846828E}.Release|Any CPU.ActiveCfg = Release|Any CPU
		{524B42DD-2E34-4925-B1C7-DB57E846828E}.Release|Any CPU.Build.0 = Release|Any CPU
	EndGlobalSection
	GlobalSection(SolutionProperties) = preSolution
		HideSolutionNode = FALSE
	EndGlobalSection
EndGlobal
